
Microsoft Visual Studio Solution File, Format Version 12.00
Project("{FAE04EC0-301F-11D3-BF4B-00C04F79EFBC}") = "Domain", "Domain\Domain.csproj", "{44C42E7A-C293-4D48-A0DB-24E270B5E50D}"
EndProject
Project("{FAE04EC0-301F-11D3-BF4B-00C04F79EFBC}") = "Application", "Application\Application.csproj", "{56105173-95EC-4919-8B12-94115290A892}"
EndProject
Project("{FAE04EC0-301F-11D3-BF4B-00C04F79EFBC}") = "Infrastructure", "Infrastructure\Infrastructure.csproj", "{694A44BE-FCCA-4238-BF02-73F7FF57E1F9}"
EndProject
Project("{FAE04EC0-301F-11D3-BF4B-00C04F79EFBC}") = "Tests", "Tests\Tests.csproj", "{CA7EBD28-0BB3-4065-ADDD-A360C535F758}"
EndProject
Project("{FAE04EC0-301F-11D3-BF4B-00C04F79EFBC}") = "Api", "Api\Api.csproj", "{86C4BF19-704C-49C4-B87B-E05B81589F1D}"
EndProject
Global
	GlobalSection(SolutionConfigurationPlatforms) = preSolution
		Debug|Any CPU = Debug|Any CPU
		Debug|x64 = Debug|x64
		Debug|x86 = Debug|x86
		Release|Any CPU = Release|Any CPU
		Release|x64 = Release|x64
		Release|x86 = Release|x86
	EndGlobalSection
	GlobalSection(ProjectConfigurationPlatforms) = postSolution
		{44C42E7A-C293-4D48-A0DB-24E270B5E50D}.Debug|Any CPU.ActiveCfg = Debug|Any CPU
		{44C42E7A-C293-4D48-A0DB-24E270B5E50D}.Debug|Any CPU.Build.0 = Debug|Any CPU
		{44C42E7A-C293-4D48-A0DB-24E270B5E50D}.Debug|x64.ActiveCfg = Debug|Any CPU
		{44C42E7A-C293-4D48-A0DB-24E270B5E50D}.Debug|x64.Build.0 = Debug|Any CPU
		{44C42E7A-C293-4D48-A0DB-24E270B5E50D}.Debug|x86.ActiveCfg = Debug|Any CPU
		{44C42E7A-C293-4D48-A0DB-24E270B5E50D}.Debug|x86.Build.0 = Debug|Any CPU
		{44C42E7A-C293-4D48-A0DB-24E270B5E50D}.Release|Any CPU.ActiveCfg = Release|Any CPU
		{44C42E7A-C293-4D48-A0DB-24E270B5E50D}.Release|Any CPU.Build.0 = Release|Any CPU
		{44C42E7A-C293-4D48-A0DB-24E270B5E50D}.Release|x64.ActiveCfg = Release|Any CPU
		{44C42E7A-C293-4D48-A0DB-24E270B5E50D}.Release|x64.Build.0 = Release|Any CPU
		{44C42E7A-C293-4D48-A0DB-24E270B5E50D}.Release|x86.ActiveCfg = Release|Any CPU
		{44C42E7A-C293-4D48-A0DB-24E270B5E50D}.Release|x86.Build.0 = Release|Any CPU
		{56105173-95EC-4919-8B12-94115290A892}.Debug|Any CPU.ActiveCfg = Debug|Any CPU
		{56105173-95EC-4919-8B12-94115290A892}.Debug|Any CPU.Build.0 = Debug|Any CPU
		{56105173-95EC-4919-8B12-94115290A892}.Debug|x64.ActiveCfg = Debug|Any CPU
		{56105173-95EC-4919-8B12-94115290A892}.Debug|x64.Build.0 = Debug|Any CPU
		{56105173-95EC-4919-8B12-94115290A892}.Debug|x86.ActiveCfg = Debug|Any CPU
		{56105173-95EC-4919-8B12-94115290A892}.Debug|x86.Build.0 = Debug|Any CPU
		{56105173-95EC-4919-8B12-94115290A892}.Release|Any CPU.ActiveCfg = Release|Any CPU
		{56105173-95EC-4919-8B12-94115290A892}.Release|Any CPU.Build.0 = Release|Any CPU
		{56105173-95EC-4919-8B12-94115290A892}.Release|x64.ActiveCfg = Release|Any CPU
		{56105173-95EC-4919-8B12-94115290A892}.Release|x64.Build.0 = Release|Any CPU
		{56105173-95EC-4919-8B12-94115290A892}.Release|x86.ActiveCfg = Release|Any CPU
		{56105173-95EC-4919-8B12-94115290A892}.Release|x86.Build.0 = Release|Any CPU
		{694A44BE-FCCA-4238-BF02-73F7FF57E1F9}.Debug|Any CPU.ActiveCfg = Debug|Any CPU
		{694A44BE-FCCA-4238-BF02-73F7FF57E1F9}.Debug|Any CPU.Build.0 = Debug|Any CPU
		{694A44BE-FCCA-4238-BF02-73F7FF57E1F9}.Debug|x64.ActiveCfg = Debug|Any CPU
		{694A44BE-FCCA-4238-BF02-73F7FF57E1F9}.Debug|x64.Build.0 = Debug|Any CPU
		{694A44BE-FCCA-4238-BF02-73F7FF57E1F9}.Debug|x86.ActiveCfg = Debug|Any CPU
		{694A44BE-FCCA-4238-BF02-73F7FF57E1F9}.Debug|x86.Build.0 = Debug|Any CPU
		{694A44BE-FCCA-4238-BF02-73F7FF57E1F9}.Release|Any CPU.ActiveCfg = Release|Any CPU
		{694A44BE-FCCA-4238-BF02-73F7FF57E1F9}.Release|Any CPU.Build.0 = Release|Any CPU
		{694A44BE-FCCA-4238-BF02-73F7FF57E1F9}.Release|x64.ActiveCfg = Release|Any CPU
		{694A44BE-FCCA-4238-BF02-73F7FF57E1F9}.Release|x64.Build.0 = Release|Any CPU
		{694A44BE-FCCA-4238-BF02-73F7FF57E1F9}.Release|x86.ActiveCfg = Release|Any CPU
		{694A44BE-FCCA-4238-BF02-73F7FF57E1F9}.Release|x86.Build.0 = Release|Any CPU
		{CA7EBD28-0BB3-4065-ADDD-A360C535F758}.Debug|Any CPU.ActiveCfg = Debug|Any CPU
		{CA7EBD28-0BB3-4065-ADDD-A360C535F758}.Debug|Any CPU.Build.0 = Debug|Any CPU
		{CA7EBD28-0BB3-4065-ADDD-A360C535F758}.Debug|x64.ActiveCfg = Debug|Any CPU
		{CA7EBD28-0BB3-4065-ADDD-A360C535F758}.Debug|x64.Build.0 = Debug|Any CPU
		{CA7EBD28-0BB3-4065-ADDD-A360C535F758}.Debug|x86.ActiveCfg = Debug|Any CPU
		{CA7EBD28-0BB3-4065-ADDD-A360C535F758}.Debug|x86.Build.0 = Debug|Any CPU
		{CA7EBD28-0BB3-4065-ADDD-A360C535F758}.Release|Any CPU.ActiveCfg = Release|Any CPU
		{CA7EBD28-0BB3-4065-ADDD-A360C535F758}.Release|Any CPU.Build.0 = Release|Any CPU
		{CA7EBD28-0BB3-4065-ADDD-A360C535F758}.Release|x64.ActiveCfg = Release|Any CPU
		{CA7EBD28-0BB3-4065-ADDD-A360C535F758}.Release|x64.Build.0 = Release|Any CPU
		{CA7EBD28-0BB3-4065-ADDD-A360C535F758}.Release|x86.ActiveCfg = Release|Any CPU
		{CA7EBD28-0BB3-4065-ADDD-A360C535F758}.Release|x86.Build.0 = Release|Any CPU
		{86C4BF19-704C-49C4-B87B-E05B81589F1D}.Debug|Any CPU.ActiveCfg = Debug|Any CPU
		{86C4BF19-704C-49C4-B87B-E05B81589F1D}.Debug|Any CPU.Build.0 = Debug|Any CPU
		{86C4BF19-704C-49C4-B87B-E05B81589F1D}.Debug|x64.ActiveCfg = Debug|Any CPU
		{86C4BF19-704C-49C4-B87B-E05B81589F1D}.Debug|x64.Build.0 = Debug|Any CPU
		{86C4BF19-704C-49C4-B87B-E05B81589F1D}.Debug|x86.ActiveCfg = Debug|Any CPU
		{86C4BF19-704C-49C4-B87B-E05B81589F1D}.Debug|x86.Build.0 = Debug|Any CPU
		{86C4BF19-704C-49C4-B87B-E05B81589F1D}.Release|Any CPU.ActiveCfg = Release|Any CPU
		{86C4BF19-704C-49C4-B87B-E05B81589F1D}.Release|Any CPU.Build.0 = Release|Any CPU
		{86C4BF19-704C-49C4-B87B-E05B81589F1D}.Release|x64.ActiveCfg = Release|Any CPU
		{86C4BF19-704C-49C4-B87B-E05B81589F1D}.Release|x64.Build.0 = Release|Any CPU
		{86C4BF19-704C-49C4-B87B-E05B81589F1D}.Release|x86.ActiveCfg = Release|Any CPU
		{86C4BF19-704C-49C4-B87B-E05B81589F1D}.Release|x86.Build.0 = Release|Any CPU
	EndGlobalSection
	GlobalSection(SolutionProperties) = preSolution
		HideSolutionNode = FALSE
	EndGlobalSection
EndGlobal
